dependencies:
- name: minio
  repository: https://charts.bitnami.com/bitnami
  version: 3.4.13
- name: rabbitmq
  repository: https://charts.bitnami.com/bitnami
  version: 7.4.5
- name: postgresql
  repository: https://charts.bitnami.com/bitnami
  version: 8.10.13
digest: sha256:bc2522e0f1e85f16b304a09403fbc8645389ae7efb701f72ab5273e517e6061f
generated: "2020-07-14T14:02:42.092186+02:00"
