dependencies:
- name: minio
  repository: https://charts.bitnami.com/bitnami
  version: 3.4.13
- name: rabbitmq
  repository: https://charts.bitnami.com/bitnami
  version: 7.4.5
- name: postgresql
  repository: https://charts.bitnami.com/bitnami
  version: 8.10.13
- name: traefik
  repository: https://containous.github.io/traefik-helm-chart
  version: 8.9.0
digest: sha256:0ef4c3a403d88aa797734e8db9a1612da60781113f814903669f1380149cd9dc
generated: "2020-07-10T12:06:34.585115+02:00"
